github.com/go-logr/logr v0.1.0/go.mod h1:ixOQHD9gLJUVQQ2ZOR7zLEifBX6tGkNJF4QyIY7sIas=
github.com/google/uuid v1.1.1 h1:Gkbcsh/GbpXz7lPftLA3P6TYMwjCLYm83jiFQZF/3gY=
github.com/google/uuid v1.1.1/go.mod h1:TIyPZe4MgqvfeYDBFedMoGGpEw/LqOeaOT+nhxU+yHo=
github.com/huaweicloud/golangsdk v0.0.0-20200714093134-e0c5bd7beb71 h1:Ndblhfp1cu6cqhgKUD3zHxitzXudFBxP1yfDRkZHszg=
github.com/huaweicloud/golangsdk v0.0.0-20200714093134-e0c5bd7beb71/go.mod h1:WQBcHRNX9shz3928lWEvstQJtAtYI7ks6XlgtRT9Tcw=
k8s.io/klog v1.0.0 h1:Pt+yjF5aB1xDSVbau4VsWe+dQNzA0qv1LlXdC2dF6Q8=
k8s.io/klog v1.0.0/go.mod h1:4Bi6QPql/J/LkTDqv7R/cd3hPo4k2DG6Ptcz060Ez5I=
